{
  "name": "chromatic",
  "lockfileVersion": 3,
  "requires": true,
  "packages": {
    "": {
      "devDependencies": {
        "chromatic": "^7.5.4"
      }
    },
    "node_modules/chromatic": {
      "version": "7.5.4",
      "resolved": "https://registry.npmjs.org/chromatic/-/chromatic-7.5.4.tgz",
      "integrity": "sha512-DiBwsn8yABN6SFSeEf5gTbwGIqhfP+rjrAQENgeLFDUV3vX3tGdI8oVgseaeCwk8tn08ZukrmB/k3ZG9RPJPTA==",
      "dev": true,
      "bin": {
        "chroma": "dist/bin.js",
        "chromatic": "dist/bin.js",
        "chromatic-cli": "dist/bin.js"
      }
    }
  }
}
